
Microsoft Visual Studio Solution File, Format Version 12.00
# Visual Studio Version 17
VisualStudioVersion = 17.5.33530.505
MinimumVisualStudioVersion = 10.0.40219.1
Project("{9A19103F-16F7-4668-BE54-9A1E7A4F7556}") = "PhiJudge.Server", "Server\PhiJudge.Server.csproj", "{C5B98953-59D2-4AAA-8904-B1AE53ACCC23}"
EndProject
Project("{2150E333-8FDC-42A3-9474-1A3956D46DE8}") = "PhiJudge.Agent", "PhiJudge.Agent", "{7B5E21A4-E30C-469F-AAEA-C71ED109F4CE}"
EndProject
Project("{FAE04EC0-301F-11D3-BF4B-00C04F79EFBC}") = "PhiJudge.Agent.Windows", "Agent\Agent.Windows\PhiJudge.Agent.Windows.csproj", "{F4012162-51E4-4E8B-BF21-6B3426CE257F}"
EndProject
Global
	GlobalSection(SolutionConfigurationPlatforms) = preSolution
		Debug|Any CPU = Debug|Any CPU
		Release|Any CPU = Release|Any CPU
	EndGlobalSection
	GlobalSection(ProjectConfigurationPlatforms) = postSolution
		{C5B98953-59D2-4AAA-8904-B1AE53ACCC23}.Debug|Any CPU.ActiveCfg = Debug|Any CPU
		{C5B98953-59D2-4AAA-8904-B1AE53ACCC23}.Debug|Any CPU.Build.0 = Debug|Any CPU
		{C5B98953-59D2-4AAA-8904-B1AE53ACCC23}.Release|Any CPU.ActiveCfg = Release|Any CPU
		{C5B98953-59D2-4AAA-8904-B1AE53ACCC23}.Release|Any CPU.Build.0 = Release|Any CPU
		{F4012162-51E4-4E8B-BF21-6B3426CE257F}.Debug|Any CPU.ActiveCfg = Debug|Any CPU
		{F4012162-51E4-4E8B-BF21-6B3426CE257F}.Debug|Any CPU.Build.0 = Debug|Any CPU
		{F4012162-51E4-4E8B-BF21-6B3426CE257F}.Release|Any CPU.ActiveCfg = Release|Any CPU
		{F4012162-51E4-4E8B-BF21-6B3426CE257F}.Release|Any CPU.Build.0 = Release|Any CPU
	EndGlobalSection
	GlobalSection(SolutionProperties) = preSolution
		HideSolutionNode = FALSE
	EndGlobalSection
	GlobalSection(NestedProjects) = preSolution
		{F4012162-51E4-4E8B-BF21-6B3426CE257F} = {7B5E21A4-E30C-469F-AAEA-C71ED109F4CE}
	EndGlobalSection
	GlobalSection(ExtensibilityGlobals) = postSolution
		SolutionGuid = {1BFB0184-3D24-4439-A64A-08FCC97C8CAA}
	EndGlobalSection
EndGlobal
