
Microsoft Visual Studio Solution File, Format Version 12.00
# Visual Studio Version 17
VisualStudioVersion = 17.9.34728.123
MinimumVisualStudioVersion = 10.0.40219.1
Project("{9A19103F-16F7-4668-BE54-9A1E7A4F7556}") = "PhiJudge.Central", "PhiJudge.Central\PhiJudge.Central.csproj", "{0AE69661-0F38-4CE8-A81D-0912E615FB77}"
EndProject
Project("{FAE04EC0-301F-11D3-BF4B-00C04F79EFBC}") = "PhiJudge.Base", "PhiJudge.Base\PhiJudge.Base.csproj", "{5A4A6475-D0C2-4308-8B33-565C8DBD3EFA}"
EndProject
Project("{FAE04EC0-301F-11D3-BF4B-00C04F79EFBC}") = "PhiJudge.Agent", "PhiJudge.Agent\PhiJudge.Agent.csproj", "{E8FC5F56-289D-4B72-8434-B4C0255207BE}"
EndProject
Global
	GlobalSection(SolutionConfigurationPlatforms) = preSolution
		Debug|Any CPU = Debug|Any CPU
		Release|Any CPU = Release|Any CPU
	EndGlobalSection
	GlobalSection(ProjectConfigurationPlatforms) = postSolution
		{0AE69661-0F38-4CE8-A81D-0912E615FB77}.Debug|Any CPU.ActiveCfg = Debug|Any CPU
		{0AE69661-0F38-4CE8-A81D-0912E615FB77}.Debug|Any CPU.Build.0 = Debug|Any CPU
		{0AE69661-0F38-4CE8-A81D-0912E615FB77}.Release|Any CPU.ActiveCfg = Release|Any CPU
		{0AE69661-0F38-4CE8-A81D-0912E615FB77}.Release|Any CPU.Build.0 = Release|Any CPU
		{5A4A6475-D0C2-4308-8B33-565C8DBD3EFA}.Debug|Any CPU.ActiveCfg = Debug|Any CPU
		{5A4A6475-D0C2-4308-8B33-565C8DBD3EFA}.Debug|Any CPU.Build.0 = Debug|Any CPU
		{5A4A6475-D0C2-4308-8B33-565C8DBD3EFA}.Release|Any CPU.ActiveCfg = Release|Any CPU
		{5A4A6475-D0C2-4308-8B33-565C8DBD3EFA}.Release|Any CPU.Build.0 = Release|Any CPU
		{E8FC5F56-289D-4B72-8434-B4C0255207BE}.Debug|Any CPU.ActiveCfg = Debug|Any CPU
		{E8FC5F56-289D-4B72-8434-B4C0255207BE}.Debug|Any CPU.Build.0 = Debug|Any CPU
		{E8FC5F56-289D-4B72-8434-B4C0255207BE}.Release|Any CPU.ActiveCfg = Release|Any CPU
		{E8FC5F56-289D-4B72-8434-B4C0255207BE}.Release|Any CPU.Build.0 = Release|Any CPU
	EndGlobalSection
	GlobalSection(SolutionProperties) = preSolution
		HideSolutionNode = FALSE
	EndGlobalSection
	GlobalSection(ExtensibilityGlobals) = postSolution
		SolutionGuid = {CA181E91-C875-4261-8CF0-5DFC005995F8}
	EndGlobalSection
EndGlobal
